
Microsoft Visual Studio Solution File, Format Version 12.00
# Visual Studio 15
VisualStudioVersion = 15.0.28010.2048
MinimumVisualStudioVersion = 10.0.40219.1
Project("{9A19103F-16F7-4668-BE54-9A1E7A4F7556}") = "AngleSharp.Core", "AngleSharp\AngleSharp.Core.csproj", "{91F78C48-287E-41B5-9E49-44D6E1E31290}"
EndProject
Project("{9A19103F-16F7-4668-BE54-9A1E7A4F7556}") = "AngleSharp.Performance.Common", "AngleSharp.Performance.Common\AngleSharp.Performance.Common.csproj", "{CB9D1E29-D529-4525-B139-2A25115BCA96}"
EndProject
Project("{9A19103F-16F7-4668-BE54-9A1E7A4F7556}") = "AngleSharp.Performance.Html", "AngleSharp.Performance.Html\AngleSharp.Performance.Html.csproj", "{5F4173C4-55EE-4C28-BE96-B71C6AACC9EE}"
EndProject
Project("{9A19103F-16F7-4668-BE54-9A1E7A4F7556}") = "AngleSharp.Performance.Selector", "AngleSharp.Performance.Selector\AngleSharp.Performance.Selector.csproj", "{B35FC486-0C5B-4A71-9AA4-E1D53680486C}"
EndProject
Project("{9A19103F-16F7-4668-BE54-9A1E7A4F7556}") = "AngleSharp.Performance.Utilities", "AngleSharp.Performance.Utilities\AngleSharp.Performance.Utilities.csproj", "{1FF31B98-B7D2-4694-A430-09DD112BBE33}"
EndProject
Project("{2150E333-8FDC-42A3-9474-1A3956D46DE8}") = "Solution Items", "Solution Items", "{988B2C40-782B-4128-9551-7AE65B60F903}"
	ProjectSection(SolutionItems) = preProject
		AngleSharp.nuspec = AngleSharp.nuspec
		..\build.cake = ..\build.cake
		Directory.Build.props = Directory.Build.props
	EndProjectSection
EndProject
Project("{9A19103F-16F7-4668-BE54-9A1E7A4F7556}") = "AngleSharp.Core.Tests", "AngleSharp.Core.Tests\AngleSharp.Core.Tests.csproj", "{C3074D7E-CA6C-4F2C-813D-BD97462DC3EB}"
EndProject
Project("{FAE04EC0-301F-11D3-BF4B-00C04F79EFBC}") = "Test3_MixHtml", "..\..\HtmlRenderer\Source\Test3_MixHtml\Test3_MixHtml.csproj", "{14840A73-6D38-4A2A-A71C-F84DC4FB4620}"
EndProject
Project("{FAE04EC0-301F-11D3-BF4B-00C04F79EFBC}") = "HtmlTest1", "MyTests\HtmlTest1\HtmlTest1.csproj", "{13D83C9C-5178-4260-9C96-A78FA6F0D45F}"
EndProject
Project("{D954291E-2A0B-460D-934E-DC6B0785DB48}") = "WinFormTestBed2", "..\..\PixelFarm\src\Tests\WinFormTestBed2\WinFormTestBed2.shproj", "{5CF69768-3249-45D4-8BE3-B686F88C4EA0}"
EndProject
Project("{FAE04EC0-301F-11D3-BF4B-00C04F79EFBC}") = "MiniOpenTK_Net20", "..\..\PixelFarm\src\PixelFarm\BackEnd.MiniOpenTK\src\Builds\Net20\MiniOpenTK_Net20\MiniOpenTK_Net20.csproj", "{F5A89623-87B9-42A3-A58C-ABEE7C9BBCA2}"
EndProject
Project("{FAE04EC0-301F-11D3-BF4B-00C04F79EFBC}") = "PixelFarm.One.HtmlRenderer", "..\..\PixelFarm\src\x_autogen2\PixelFarm.One.HtmlRenderer\PixelFarm.One.HtmlRenderer.csproj", "{662F2274-D6F8-413A-A908-1B2F10C01348}"
EndProject
Project("{FAE04EC0-301F-11D3-BF4B-00C04F79EFBC}") = "PaintLab.Sprite", "..\..\HtmlRenderer\Source\PaintLab.Sprite\PaintLab.Sprite.csproj", "{5C694901-F73A-4AB7-9FA6-024DD591C33E}"
EndProject
Project("{FAE04EC0-301F-11D3-BF4B-00C04F79EFBC}") = "LayoutFarm.HtmlComposer", "..\..\HtmlRenderer\Source\LayoutFarm.HtmlComposer\LayoutFarm.HtmlComposer.csproj", "{1AF17E34-4C2D-4657-B993-E0608C555111}"
EndProject
Project("{FAE04EC0-301F-11D3-BF4B-00C04F79EFBC}") = "LayoutFarm.YourHtmlWidget", "..\..\HtmlRenderer\Source\LayoutFarm.YourHtmlWidget\LayoutFarm.YourHtmlWidget.csproj", "{9A73D7BE-C7F0-47A8-8FD4-2906C4917148}"
EndProject
Project("{FAE04EC0-301F-11D3-BF4B-00C04F79EFBC}") = "PaintLab.Platforms.WinForms", "..\..\PixelFarm\src\PixelFarm\PaintLab.Platforms.WinForms\PaintLab.Platforms.WinForms.csproj", "{4602B28B-EEEC-4A69-854C-B00B8B616837}"
EndProject
Global
	GlobalSection(SharedMSBuildProjectFiles) = preSolution
		..\..\PixelFarm\src\Tests\WinFormTestBed2\WinFormTestBed2.projitems*{13d83c9c-5178-4260-9c96-a78fa6f0d45f}*SharedItemsImports = 4
		..\..\HtmlRenderer\Source\Test3_MixHtml_SH\Test3_MixHtml_SH.projitems*{14840a73-6d38-4a2a-a71c-f84dc4fb4620}*SharedItemsImports = 4
		..\..\PixelFarm\src\Tests\WinFormTestBed2\WinFormTestBed2.projitems*{14840a73-6d38-4a2a-a71c-f84dc4fb4620}*SharedItemsImports = 4
		..\..\PixelFarm\src\PixelFarm\MiniOpenTKWinForms_SH\MiniOpenTKWinForms_SH.projitems*{4602b28b-eeec-4a69-854c-b00b8b616837}*SharedItemsImports = 4
		..\..\PixelFarm\src\PixelFarm\PixelFarm.Drawing.GdiPlus_SH\PixelFarm.Drawing.GdiPlus_SH.projitems*{4602b28b-eeec-4a69-854c-b00b8b616837}*SharedItemsImports = 4
		..\..\PixelFarm\src\Tests\WinFormTestBed2\WinFormTestBed2.projitems*{5cf69768-3249-45d4-8be3-b686f88c4ea0}*SharedItemsImports = 13
		..\..\PixelFarm\src\PixelFarm\BackEnd.MiniOpenTK\src\OpenTK\MiniOpenTK_Core1.projitems*{f5a89623-87b9-42a3-a58c-abee7c9bbca2}*SharedItemsImports = 4
		..\..\PixelFarm\src\PixelFarm\BackEnd.MiniOpenTK\src\OpenTK\MiniOpenTK_Core2.projitems*{f5a89623-87b9-42a3-a58c-abee7c9bbca2}*SharedItemsImports = 4
	EndGlobalSection
	GlobalSection(SolutionConfigurationPlatforms) = preSolution
		Debug|Any CPU = Debug|Any CPU
		Release|Any CPU = Release|Any CPU
	EndGlobalSection
	GlobalSection(ProjectConfigurationPlatforms) = postSolution
		{91F78C48-287E-41B5-9E49-44D6E1E31290}.Debug|Any CPU.ActiveCfg = Debug|Any CPU
		{91F78C48-287E-41B5-9E49-44D6E1E31290}.Debug|Any CPU.Build.0 = Debug|Any CPU
		{91F78C48-287E-41B5-9E49-44D6E1E31290}.Release|Any CPU.ActiveCfg = Release|Any CPU
		{91F78C48-287E-41B5-9E49-44D6E1E31290}.Release|Any CPU.Build.0 = Release|Any CPU
		{CB9D1E29-D529-4525-B139-2A25115BCA96}.Debug|Any CPU.ActiveCfg = Debug|Any CPU
		{CB9D1E29-D529-4525-B139-2A25115BCA96}.Debug|Any CPU.Build.0 = Debug|Any CPU
		{CB9D1E29-D529-4525-B139-2A25115BCA96}.Release|Any CPU.ActiveCfg = Release|Any CPU
		{CB9D1E29-D529-4525-B139-2A25115BCA96}.Release|Any CPU.Build.0 = Release|Any CPU
		{5F4173C4-55EE-4C28-BE96-B71C6AACC9EE}.Debug|Any CPU.ActiveCfg = Debug|Any CPU
		{5F4173C4-55EE-4C28-BE96-B71C6AACC9EE}.Debug|Any CPU.Build.0 = Debug|Any CPU
		{5F4173C4-55EE-4C28-BE96-B71C6AACC9EE}.Release|Any CPU.ActiveCfg = Release|Any CPU
		{5F4173C4-55EE-4C28-BE96-B71C6AACC9EE}.Release|Any CPU.Build.0 = Release|Any CPU
		{B35FC486-0C5B-4A71-9AA4-E1D53680486C}.Debug|Any CPU.ActiveCfg = Debug|Any CPU
		{B35FC486-0C5B-4A71-9AA4-E1D53680486C}.Debug|Any CPU.Build.0 = Debug|Any CPU
		{B35FC486-0C5B-4A71-9AA4-E1D53680486C}.Release|Any CPU.ActiveCfg = Release|Any CPU
		{B35FC486-0C5B-4A71-9AA4-E1D53680486C}.Release|Any CPU.Build.0 = Release|Any CPU
		{1FF31B98-B7D2-4694-A430-09DD112BBE33}.Debug|Any CPU.ActiveCfg = Debug|Any CPU
		{1FF31B98-B7D2-4694-A430-09DD112BBE33}.Debug|Any CPU.Build.0 = Debug|Any CPU
		{1FF31B98-B7D2-4694-A430-09DD112BBE33}.Release|Any CPU.ActiveCfg = Release|Any CPU
		{1FF31B98-B7D2-4694-A430-09DD112BBE33}.Release|Any CPU.Build.0 = Release|Any CPU
		{C3074D7E-CA6C-4F2C-813D-BD97462DC3EB}.Debug|Any CPU.ActiveCfg = Debug|Any CPU
		{C3074D7E-CA6C-4F2C-813D-BD97462DC3EB}.Debug|Any CPU.Build.0 = Debug|Any CPU
		{C3074D7E-CA6C-4F2C-813D-BD97462DC3EB}.Release|Any CPU.ActiveCfg = Release|Any CPU
		{C3074D7E-CA6C-4F2C-813D-BD97462DC3EB}.Release|Any CPU.Build.0 = Release|Any CPU
		{14840A73-6D38-4A2A-A71C-F84DC4FB4620}.Debug|Any CPU.ActiveCfg = Debug|Any CPU
		{14840A73-6D38-4A2A-A71C-F84DC4FB4620}.Debug|Any CPU.Build.0 = Debug|Any CPU
		{14840A73-6D38-4A2A-A71C-F84DC4FB4620}.Release|Any CPU.ActiveCfg = Release|Any CPU
		{14840A73-6D38-4A2A-A71C-F84DC4FB4620}.Release|Any CPU.Build.0 = Release|Any CPU
		{13D83C9C-5178-4260-9C96-A78FA6F0D45F}.Debug|Any CPU.ActiveCfg = Debug|Any CPU
		{13D83C9C-5178-4260-9C96-A78FA6F0D45F}.Debug|Any CPU.Build.0 = Debug|Any CPU
		{13D83C9C-5178-4260-9C96-A78FA6F0D45F}.Release|Any CPU.ActiveCfg = Release|Any CPU
		{13D83C9C-5178-4260-9C96-A78FA6F0D45F}.Release|Any CPU.Build.0 = Release|Any CPU
		{F5A89623-87B9-42A3-A58C-ABEE7C9BBCA2}.Debug|Any CPU.ActiveCfg = Debug|Any CPU
		{F5A89623-87B9-42A3-A58C-ABEE7C9BBCA2}.Debug|Any CPU.Build.0 = Debug|Any CPU
		{F5A89623-87B9-42A3-A58C-ABEE7C9BBCA2}.Release|Any CPU.ActiveCfg = Release|Any CPU
		{F5A89623-87B9-42A3-A58C-ABEE7C9BBCA2}.Release|Any CPU.Build.0 = Release|Any CPU
		{662F2274-D6F8-413A-A908-1B2F10C01348}.Debug|Any CPU.ActiveCfg = Debug|Any CPU
		{662F2274-D6F8-413A-A908-1B2F10C01348}.Debug|Any CPU.Build.0 = Debug|Any CPU
		{662F2274-D6F8-413A-A908-1B2F10C01348}.Release|Any CPU.ActiveCfg = Release|Any CPU
		{662F2274-D6F8-413A-A908-1B2F10C01348}.Release|Any CPU.Build.0 = Release|Any CPU
		{5C694901-F73A-4AB7-9FA6-024DD591C33E}.Debug|Any CPU.ActiveCfg = Debug|Any CPU
		{5C694901-F73A-4AB7-9FA6-024DD591C33E}.Debug|Any CPU.Build.0 = Debug|Any CPU
		{5C694901-F73A-4AB7-9FA6-024DD591C33E}.Release|Any CPU.ActiveCfg = Release|Any CPU
		{5C694901-F73A-4AB7-9FA6-024DD591C33E}.Release|Any CPU.Build.0 = Release|Any CPU
		{1AF17E34-4C2D-4657-B993-E0608C555111}.Debug|Any CPU.ActiveCfg = Debug|Any CPU
		{1AF17E34-4C2D-4657-B993-E0608C555111}.Debug|Any CPU.Build.0 = Debug|Any CPU
		{1AF17E34-4C2D-4657-B993-E0608C555111}.Release|Any CPU.ActiveCfg = Release|Any CPU
		{1AF17E34-4C2D-4657-B993-E0608C555111}.Release|Any CPU.Build.0 = Release|Any CPU
		{9A73D7BE-C7F0-47A8-8FD4-2906C4917148}.Debug|Any CPU.ActiveCfg = Debug|Any CPU
		{9A73D7BE-C7F0-47A8-8FD4-2906C4917148}.Debug|Any CPU.Build.0 = Debug|Any CPU
		{9A73D7BE-C7F0-47A8-8FD4-2906C4917148}.Release|Any CPU.ActiveCfg = Release|Any CPU
		{9A73D7BE-C7F0-47A8-8FD4-2906C4917148}.Release|Any CPU.Build.0 = Release|Any CPU
		{4602B28B-EEEC-4A69-854C-B00B8B616837}.Debug|Any CPU.ActiveCfg = Debug|Any CPU
		{4602B28B-EEEC-4A69-854C-B00B8B616837}.Debug|Any CPU.Build.0 = Debug|Any CPU
		{4602B28B-EEEC-4A69-854C-B00B8B616837}.Release|Any CPU.ActiveCfg = Release|Any CPU
		{4602B28B-EEEC-4A69-854C-B00B8B616837}.Release|Any CPU.Build.0 = Release|Any CPU
	EndGlobalSection
	GlobalSection(SolutionProperties) = preSolution
		HideSolutionNode = FALSE
	EndGlobalSection
	GlobalSection(ExtensibilityGlobals) = postSolution
		SolutionGuid = {DE472611-2B15-4342-8B56-1046326B1807}
	EndGlobalSection
EndGlobal
